Microsoft Visual Studio Solution File, Format Version 12.00
# Visual Studio Version 17
VisualStudioVersion = 17.5.2.0
MinimumVisualStudioVersion = 10.0.40219.1
Project("{FAE04EC0-301F-11D3-BF4B-00C04F79EFBC}") = "back-2-trimestre-2-daw", "back-2-trimestre-2-daw.csproj", "{A50C2FEF-1328-254F-131A-44F640AE615A}"
EndProject
Global
	GlobalSection(SolutionConfigurationPlatforms) = preSolution
		Debug|Any CPU = Debug|Any CPU
		Release|Any CPU = Release|Any CPU
	EndGlobalSection
	GlobalSection(ProjectConfigurationPlatforms) = postSolution
		{A50C2FEF-1328-254F-131A-44F640AE615A}.Debug|Any CPU.ActiveCfg = Debug|Any CPU
		{A50C2FEF-1328-254F-131A-44F640AE615A}.Debug|Any CPU.Build.0 = Debug|Any CPU
		{A50C2FEF-1328-254F-131A-44F640AE615A}.Release|Any CPU.ActiveCfg = Release|Any CPU
		{A50C2FEF-1328-254F-131A-44F640AE615A}.Release|Any CPU.Build.0 = Release|Any CPU
	EndGlobalSection
	GlobalSection(SolutionProperties) = preSolution
		HideSolutionNode = FALSE
	EndGlobalSection
	GlobalSection(ExtensibilityGlobals) = postSolution
		SolutionGuid = {7BC4F469-2ED4-4394-87BE-E813959765DC}
	EndGlobalSection
EndGlobal
